null_key: null
integer_key: 42
float_key: 2.7818281828
string_key: value
true_key: true
false_key: false
map_key:
    key: v
array_key:
    - -0.5
    - 0
    - 0.5
# comment
multiline_strings:
    # "aaa bbb ccc"
    -
        aaa
        bbb
        ccc
    # "aaa bbb ccc"
    - >-
        aaa
        bbb
        ccc
    # "aaa\nbbb\nccc"
    - |-
        aaa
        bbb
        ccc
    # "aaa\nbbb\nccc\n"
    - |
        aaa
        bbb
        ccc
